// !$*UTF8*$!
{
	archiveVersion = 1;
	classes = {
	};
	objectVersion = 55;
	objects = {

/* Begin PBXBuildFile section */
		CB79378E286A703B00275951 /* FoodiiiApp.swift in Sources */ = {isa = PBXBuildFile; fileRef = CB79378D286A703B00275951 /* FoodiiiApp.swift */; };
		CB793790286A703B00275951 /* RestuarantSelectionView.swift in Sources */ = {isa = PBXBuildFile; fileRef = CB79378F286A703B00275951 /* RestuarantSelectionView.swift */; };
		CB793792286A704000275951 /* Assets.xcassets in Resources */ = {isa = PBXBuildFile; fileRef = CB793791286A704000275951 /* Assets.xcassets */; };
		CB793795286A704000275951 /* Preview Assets.xcassets in Resources */ = {isa = PBXBuildFile; fileRef = CB793794286A704000275951 /* Preview Assets.xcassets */; };
		CB793797286A704000275951 /* Persistence.swift in Sources */ = {isa = PBXBuildFile; fileRef = CB793796286A704000275951 /* Persistence.swift */; };
		CB79379A286A704000275951 /* Foodiii.xcdatamodeld in Sources */ = {isa = PBXBuildFile; fileRef = CB793798286A704000275951 /* Foodiii.xcdatamodeld */; };
		CB7937A4286A704000275951 /* FoodiiiTests.swift in Sources */ = {isa = PBXBuildFile; fileRef = CB7937A3286A704000275951 /* FoodiiiTests.swift */; };
		CB7937AE286A704100275951 /* FoodiiiUITests.swift in Sources */ = {isa = PBXBuildFile; fileRef = CB7937AD286A704100275951 /* FoodiiiUITests.swift */; };
		CB7937B0286A704100275951 /* FoodiiiUITestsLaunchTests.swift in Sources */ = {isa = PBXBuildFile; fileRef = CB7937AF286A704100275951 /* FoodiiiUITestsLaunchTests.swift */; };
		CB7937BE286A709D00275951 /* Endpoint.swift in Sources */ = {isa = PBXBuildFile; fileRef = CB7937BD286A709D00275951 /* Endpoint.swift */; };
		CB7937C0286A70E500275951 /* RestaurantEndpoint.swift in Sources */ = {isa = PBXBuildFile; fileRef = CB7937BF286A70E500275951 /* RestaurantEndpoint.swift */; };
		CB7937C2286A71CC00275951 /* NetworkRequestService.swift in Sources */ = {isa = PBXBuildFile; fileRef = CB7937C1286A71CC00275951 /* NetworkRequestService.swift */; };
		CB7937C5286A7E6700275951 /* UserSignInViewController.swift in Sources */ = {isa = PBXBuildFile; fileRef = CB7937C4286A7E6700275951 /* UserSignInViewController.swift */; };
		CB7BCCF5286B823C00091678 /* GoogleService-Info.plist in Resources */ = {isa = PBXBuildFile; fileRef = CB7BCCF4286B823C00091678 /* GoogleService-Info.plist */; };
		CB7BCCF8286B953100091678 /* FontModifier.swift in Sources */ = {isa = PBXBuildFile; fileRef = CB7BCCF7286B953100091678 /* FontModifier.swift */; };
		CB8A864B2878D4B800C40A56 /* HomeView.swift in Sources */ = {isa = PBXBuildFile; fileRef = CB8A864A2878D4B800C40A56 /* HomeView.swift */; };
		CBA3D5C32878D8E70090D34B /* FirebaseAnalytics in Frameworks */ = {isa = PBXBuildFile; productRef = CBA3D5C22878D8E70090D34B /* FirebaseAnalytics */; };
		CBA3D5C52878D8E70090D34B /* FirebaseAnalyticsOnDeviceConversion in Frameworks */ = {isa = PBXBuildFile; productRef = CBA3D5C42878D8E70090D34B /* FirebaseAnalyticsOnDeviceConversion */; };
		CBA3D5C72878D8E70090D34B /* FirebaseAnalyticsSwift in Frameworks */ = {isa = PBXBuildFile; productRef = CBA3D5C62878D8E70090D34B /* FirebaseAnalyticsSwift */; };
		CBA3D5C92878D8E70090D34B /* FirebaseAnalyticsWithoutAdIdSupport in Frameworks */ = {isa = PBXBuildFile; productRef = CBA3D5C82878D8E70090D34B /* FirebaseAnalyticsWithoutAdIdSupport */; };
		CBA3D5CB2878D8E70090D34B /* FirebaseAppCheck in Frameworks */ = {isa = PBXBuildFile; productRef = CBA3D5CA2878D8E70090D34B /* FirebaseAppCheck */; };
		CBA3D5CD2878D8E70090D34B /* FirebaseAuth in Frameworks */ = {isa = PBXBuildFile; productRef = CBA3D5CC2878D8E70090D34B /* FirebaseAuth */; };
		CBA3D5CF2878D8E70090D34B /* FirebaseAuthCombine-Community in Frameworks */ = {isa = PBXBuildFile; productRef = CBA3D5CE2878D8E70090D34B /* FirebaseAuthCombine-Community */; };
		CBA3D5D12878D8E70090D34B /* FirebaseCrashlytics in Frameworks */ = {isa = PBXBuildFile; productRef = CBA3D5D02878D8E70090D34B /* FirebaseCrashlytics */; };
		CBA3D5D32878D8E70090D34B /* FirebaseDatabase in Frameworks */ = {isa = PBXBuildFile; productRef = CBA3D5D22878D8E70090D34B /* FirebaseDatabase */; };
		CBA3D5D52878D8E70090D34B /* FirebaseDatabaseSwift in Frameworks */ = {isa = PBXBuildFile; productRef = CBA3D5D42878D8E70090D34B /* FirebaseDatabaseSwift */; };
		CBA3D5D72878D8E70090D34B /* FirebaseDynamicLinks in Frameworks */ = {isa = PBXBuildFile; productRef = CBA3D5D62878D8E70090D34B /* FirebaseDynamicLinks */; };
		CBA3D5D92878D8E70090D34B /* FirebaseFirestore in Frameworks */ = {isa = PBXBuildFile; productRef = CBA3D5D82878D8E70090D34B /* FirebaseFirestore */; };
		CBA3D5DB2878D8E70090D34B /* FirebaseFirestoreCombine-Community in Frameworks */ = {isa = PBXBuildFile; productRef = CBA3D5DA2878D8E70090D34B /* FirebaseFirestoreCombine-Community */; };
		CBA3D5DD2878D8E70090D34B /* FirebaseFirestoreSwift in Frameworks */ = {isa = PBXBuildFile; productRef = CBA3D5DC2878D8E70090D34B /* FirebaseFirestoreSwift */; };
		CBA3D5DF2878D8E70090D34B /* FirebaseFunctions in Frameworks */ = {isa = PBXBuildFile; productRef = CBA3D5DE2878D8E70090D34B /* FirebaseFunctions */; };
		CBA3D5E12878D8E70090D34B /* FirebaseFunctionsCombine-Community in Frameworks */ = {isa = PBXBuildFile; productRef = CBA3D5E02878D8E70090D34B /* FirebaseFunctionsCombine-Community */; };
		CBA3D5E32878D8E70090D34B /* FirebaseInAppMessaging-Beta in Frameworks */ = {isa = PBXBuildFile; productRef = CBA3D5E22878D8E70090D34B /* FirebaseInAppMessaging-Beta */; };
		CBA3D5E52878D8E70090D34B /* FirebaseInAppMessagingSwift-Beta in Frameworks */ = {isa = PBXBuildFile; productRef = CBA3D5E42878D8E70090D34B /* FirebaseInAppMessagingSwift-Beta */; };
		CBA3D5E72878D8E70090D34B /* FirebaseInstallations in Frameworks */ = {isa = PBXBuildFile; productRef = CBA3D5E62878D8E70090D34B /* FirebaseInstallations */; };
		CBA3D5E92878D8E70090D34B /* FirebaseMLModelDownloader in Frameworks */ = {isa = PBXBuildFile; productRef = CBA3D5E82878D8E70090D34B /* FirebaseMLModelDownloader */; };
		CBA3D5EB2878D8E70090D34B /* FirebaseMessaging in Frameworks */ = {isa = PBXBuildFile; productRef = CBA3D5EA2878D8E70090D34B /* FirebaseMessaging */; };
		CBA3D5ED2878D8E70090D34B /* FirebasePerformance in Frameworks */ = {isa = PBXBuildFile; productRef = CBA3D5EC2878D8E70090D34B /* FirebasePerformance */; };
		CBA3D5EF2878D8E70090D34B /* FirebaseRemoteConfig in Frameworks */ = {isa = PBXBuildFile; productRef = CBA3D5EE2878D8E70090D34B /* FirebaseRemoteConfig */; };
		CBA3D5F12878D8E70090D34B /* FirebaseRemoteConfigSwift in Frameworks */ = {isa = PBXBuildFile; productRef = CBA3D5F02878D8E70090D34B /* FirebaseRemoteConfigSwift */; };
		CBA3D5F32878D8E70090D34B /* FirebaseStorage in Frameworks */ = {isa = PBXBuildFile; productRef = CBA3D5F22878D8E70090D34B /* FirebaseStorage */; };
		CBA3D5F52878D8E70090D34B /* FirebaseStorageCombine-Community in Frameworks */ = {isa = PBXBuildFile; productRef = CBA3D5F42878D8E70090D34B /* FirebaseStorageCombine-Community */; };
		CBA3D5F82878DE7A0090D34B /* UserAuth.swift in Sources */ = {isa = PBXBuildFile; fileRef = CBA3D5F72878DE7A0090D34B /* UserAuth.swift */; };
		CBA3D5FA2878DFC00090D34B /* NavigationLogInView.swift in Sources */ = {isa = PBXBuildFile; fileRef = CBA3D5F92878DFC00090D34B /* NavigationLogInView.swift */; };
		CBA3D5FE287900120090D34B /* GoogleSignIn in Frameworks */ = {isa = PBXBuildFile; productRef = CBA3D5FD287900120090D34B /* GoogleSignIn */; };
		CBD41958286B95E700E1C93A /* StringExtension.swift in Sources */ = {isa = PBXBuildFile; fileRef = CBD41957286B95E700E1C93A /* StringExtension.swift */; };
		CBD4195A286B961800E1C93A /* DateExtension.swift in Sources */ = {isa = PBXBuildFile; fileRef = CBD41959286B961800E1C93A /* DateExtension.swift */; };
		CBD4195C286B969400E1C93A /* HideNavigationBar.swift in Sources */ = {isa = PBXBuildFile; fileRef = CBD4195B286B969400E1C93A /* HideNavigationBar.swift */; };
		CBD41960286B9B8300E1C93A /* SignInView.swift in Sources */ = {isa = PBXBuildFile; fileRef = CBD4195F286B9B8300E1C93A /* SignInView.swift */; };
		CBD41962286C26F100E1C93A /* ViewExtension.swift in Sources */ = {isa = PBXBuildFile; fileRef = CBD41961286C26F100E1C93A /* ViewExtension.swift */; };
		CBD41964286C275C00E1C93A /* KeybaordAdaptiveModifier.swift in Sources */ = {isa = PBXBuildFile; fileRef = CBD41963286C275C00E1C93A /* KeybaordAdaptiveModifier.swift */; };
		CBD47EC8286C2834007F5038 /* PublishersExtension.swift in Sources */ = {isa = PBXBuildFile; fileRef = CBD47EC7286C2834007F5038 /* PublishersExtension.swift */; };
		CBD47ECA286C28F4007F5038 /* UIResponderExtension.swift in Sources */ = {isa = PBXBuildFile; fileRef = CBD47EC9286C28F4007F5038 /* UIResponderExtension.swift */; };
		CBD47ECD2877AB86007F5038 /* Constants.swift in Sources */ = {isa = PBXBuildFile; fileRef = CBD47ECC2877AB86007F5038 /* Constants.swift */; };
		CBD47ED02877AE0E007F5038 /* AppleSignIn.swift in Sources */ = {isa = PBXBuildFile; fileRef = CBD47ECF2877AE0E007F5038 /* AppleSignIn.swift */; };
		CBD47ED22877AE8B007F5038 /* AlertItem.swift in Sources */ = {isa = PBXBuildFile; fileRef = CBD47ED12877AE8B007F5038 /* AlertItem.swift */; };
		CBD47ED62877AF1B007F5038 /* User.swift in Sources */ = {isa = PBXBuildFile; fileRef = CBD47ED52877AF1B007F5038 /* User.swift */; };
/* End PBXBuildFile section */

/* Begin PBXContainerItemProxy section */
		CB7937A0286A704000275951 /* PBXContainerItemProxy */ = {
			isa = PBXContainerItemProxy;
			containerPortal = CB793782286A703B00275951 /* Project object */;
			proxyType = 1;
			remoteGlobalIDString = CB793789286A703B00275951;
			remoteInfo = Foodiii;
		};
		CB7937AA286A704000275951 /* PBXContainerItemProxy */ = {
			isa = PBXContainerItemProxy;
			containerPortal = CB793782286A703B00275951 /* Project object */;
			proxyType = 1;
			remoteGlobalIDString = CB793789286A703B00275951;
			remoteInfo = Foodiii;
		};
/* End PBXContainerItemProxy section */

/* Begin PBXFileReference section */
		CB79378A286A703B00275951 /* Foodiii.app */ = {isa = PBXFileReference; explicitFileType = wrapper.application; includeInIndex = 0; path = Foodiii.app; sourceTree = BUILT_PRODUCTS_DIR; };
		CB79378D286A703B00275951 /* FoodiiiApp.swift */ = {isa = PBXFileReference; lastKnownFileType = sourcecode.swift; path = FoodiiiApp.swift; sourceTree = "<group>"; };
		CB79378F286A703B00275951 /* RestuarantSelectionView.swift */ = {isa = PBXFileReference; lastKnownFileType = sourcecode.swift; path = RestuarantSelectionView.swift; sourceTree = "<group>"; };
		CB793791286A704000275951 /* Assets.xcassets */ = {isa = PBXFileReference; lastKnownFileType = folder.assetcatalog; path = Assets.xcassets; sourceTree = "<group>"; };
		CB793794286A704000275951 /* Preview Assets.xcassets */ = {isa = PBXFileReference; lastKnownFileType = folder.assetcatalog; path = "Preview Assets.xcassets"; sourceTree = "<group>"; };
		CB793796286A704000275951 /* Persistence.swift */ = {isa = PBXFileReference; lastKnownFileType = sourcecode.swift; path = Persistence.swift; sourceTree = "<group>"; };
		CB793799286A704000275951 /* Foodiii.xcdatamodel */ = {isa = PBXFileReference; lastKnownFileType = wrapper.xcdatamodel; path = Foodiii.xcdatamodel; sourceTree = "<group>"; };
		CB79379F286A704000275951 /* FoodiiiTests.xctest */ = {isa = PBXFileReference; explicitFileType = wrapper.cfbundle; includeInIndex = 0; path = FoodiiiTests.xctest; sourceTree = BUILT_PRODUCTS_DIR; };
		CB7937A3286A704000275951 /* FoodiiiTests.swift */ = {isa = PBXFileReference; lastKnownFileType = sourcecode.swift; path = FoodiiiTests.swift; sourceTree = "<group>"; };
		CB7937A9286A704000275951 /* FoodiiiUITests.xctest */ = {isa = PBXFileReference; explicitFileType = wrapper.cfbundle; includeInIndex = 0; path = FoodiiiUITests.xctest; sourceTree = BUILT_PRODUCTS_DIR; };
		CB7937AD286A704100275951 /* FoodiiiUITests.swift */ = {isa = PBXFileReference; lastKnownFileType = sourcecode.swift; path = FoodiiiUITests.swift; sourceTree = "<group>"; };
		CB7937AF286A704100275951 /* FoodiiiUITestsLaunchTests.swift */ = {isa = PBXFileReference; lastKnownFileType = sourcecode.swift; path = FoodiiiUITestsLaunchTests.swift; sourceTree = "<group>"; };
		CB7937BD286A709D00275951 /* Endpoint.swift */ = {isa = PBXFileReference; lastKnownFileType = sourcecode.swift; path = Endpoint.swift; sourceTree = "<group>"; };
		CB7937BF286A70E500275951 /* RestaurantEndpoint.swift */ = {isa = PBXFileReference; lastKnownFileType = sourcecode.swift; path = RestaurantEndpoint.swift; sourceTree = "<group>"; };
		CB7937C1286A71CC00275951 /* NetworkRequestService.swift */ = {isa = PBXFileReference; lastKnownFileType = sourcecode.swift; path = NetworkRequestService.swift; sourceTree = "<group>"; };
		CB7937C4286A7E6700275951 /* UserSignInViewController.swift */ = {isa = PBXFileReference; lastKnownFileType = sourcecode.swift; path = UserSignInViewController.swift; sourceTree = "<group>"; };
		CB7BCCF4286B823C00091678 /* GoogleService-Info.plist */ = {isa = PBXFileReference; fileEncoding = 4; lastKnownFileType = text.plist.xml; name = "GoogleService-Info.plist"; path = "../../../../GoogleService-Info.plist"; sourceTree = "<group>"; };
		CB7BCCF7286B953100091678 /* FontModifier.swift */ = {isa = PBXFileReference; lastKnownFileType = sourcecode.swift; path = FontModifier.swift; sourceTree = "<group>"; };
		CB8A864A2878D4B800C40A56 /* HomeView.swift */ = {isa = PBXFileReference; lastKnownFileType = sourcecode.swift; path = HomeView.swift; sourceTree = "<group>"; };
		CBA3D5F62878DDCD0090D34B /* Foodiii.entitlements */ = {isa = PBXFileReference; lastKnownFileType = text.plist.entitlements; path = Foodiii.entitlements; sourceTree = "<group>"; };
		CBA3D5F72878DE7A0090D34B /* UserAuth.swift */ = {isa = PBXFileReference; lastKnownFileType = sourcecode.swift; path = UserAuth.swift; sourceTree = "<group>"; };
		CBA3D5F92878DFC00090D34B /* NavigationLogInView.swift */ = {isa = PBXFileReference; lastKnownFileType = sourcecode.swift; path = NavigationLogInView.swift; sourceTree = "<group>"; };
		CBA3D5FB2878FEEE0090D34B /* Info.plist */ = {isa = PBXFileReference; lastKnownFileType = text.plist; path = Info.plist; sourceTree = "<group>"; };
		CBD41957286B95E700E1C93A /* StringExtension.swift */ = {isa = PBXFileReference; lastKnownFileType = sourcecode.swift; path = StringExtension.swift; sourceTree = "<group>"; };
		CBD41959286B961800E1C93A /* DateExtension.swift */ = {isa = PBXFileReference; lastKnownFileType = sourcecode.swift; path = DateExtension.swift; sourceTree = "<group>"; };
		CBD4195B286B969400E1C93A /* HideNavigationBar.swift */ = {isa = PBXFileReference; lastKnownFileType = sourcecode.swift; path = HideNavigationBar.swift; sourceTree = "<group>"; };
		CBD4195F286B9B8300E1C93A /* SignInView.swift */ = {isa = PBXFileReference; lastKnownFileType = sourcecode.swift; path = SignInView.swift; sourceTree = "<group>"; };
		CBD41961286C26F100E1C93A /* ViewExtension.swift */ = {isa = PBXFileReference; lastKnownFileType = sourcecode.swift; path = ViewExtension.swift; sourceTree = "<group>"; };
		CBD41963286C275C00E1C93A /* KeybaordAdaptiveModifier.swift */ = {isa = PBXFileReference; lastKnownFileType = sourcecode.swift; path = KeybaordAdaptiveModifier.swift; sourceTree = "<group>"; };
		CBD47EC7286C2834007F5038 /* PublishersExtension.swift */ = {isa = PBXFileReference; lastKnownFileType = sourcecode.swift; path = PublishersExtension.swift; sourceTree = "<group>"; };
		CBD47EC9286C28F4007F5038 /* UIResponderExtension.swift */ = {isa = PBXFileReference; lastKnownFileType = sourcecode.swift; path = UIResponderExtension.swift; sourceTree = "<group>"; };
		CBD47ECC2877AB86007F5038 /* Constants.swift */ = {isa = PBXFileReference; lastKnownFileType = sourcecode.swift; path = Constants.swift; sourceTree = "<group>"; };
		CBD47ECF2877AE0E007F5038 /* AppleSignIn.swift */ = {isa = PBXFileReference; lastKnownFileType = sourcecode.swift; path = AppleSignIn.swift; sourceTree = "<group>"; };
		CBD47ED12877AE8B007F5038 /* AlertItem.swift */ = {isa = PBXFileReference; lastKnownFileType = sourcecode.swift; path = AlertItem.swift; sourceTree = "<group>"; };
		CBD47ED52877AF1B007F5038 /* User.swift */ = {isa = PBXFileReference; lastKnownFileType = sourcecode.swift; path = User.swift; sourceTree = "<group>"; };
/* End PBXFileReference section */

/* Begin PBXFrameworksBuildPhase section */
		CB793787286A703B00275951 /* Frameworks */ = {
			isa = PBXFrameworksBuildPhase;
			buildActionMask = 2147483647;
			files = (
				CBA3D5ED2878D8E70090D34B /* FirebasePerformance in Frameworks */,
				CBA3D5DB2878D8E70090D34B /* FirebaseFirestoreCombine-Community in Frameworks */,
				CBA3D5D52878D8E70090D34B /* FirebaseDatabaseSwift in Frameworks */,
				CBA3D5F32878D8E70090D34B /* FirebaseStorage in Frameworks */,
				CBA3D5D72878D8E70090D34B /* FirebaseDynamicLinks in Frameworks */,
				CBA3D5DD2878D8E70090D34B /* FirebaseFirestoreSwift in Frameworks */,
				CBA3D5C72878D8E70090D34B /* FirebaseAnalyticsSwift in Frameworks */,
				CBA3D5E32878D8E70090D34B /* FirebaseInAppMessaging-Beta in Frameworks */,
				CBA3D5CD2878D8E70090D34B /* FirebaseAuth in Frameworks */,
				CBA3D5E92878D8E70090D34B /* FirebaseMLModelDownloader in Frameworks */,
				CBA3D5F12878D8E70090D34B /* FirebaseRemoteConfigSwift in Frameworks */,
				CBA3D5C32878D8E70090D34B /* FirebaseAnalytics in Frameworks */,
				CBA3D5EB2878D8E70090D34B /* FirebaseMessaging in Frameworks */,
				CBA3D5E72878D8E70090D34B /* FirebaseInstallations in Frameworks */,
				CBA3D5E12878D8E70090D34B /* FirebaseFunctionsCombine-Community in Frameworks */,
				CBA3D5D92878D8E70090D34B /* FirebaseFirestore in Frameworks */,
				CBA3D5F52878D8E70090D34B /* FirebaseStorageCombine-Community in Frameworks */,
				CBA3D5C52878D8E70090D34B /* FirebaseAnalyticsOnDeviceConversion in Frameworks */,
				CBA3D5CB2878D8E70090D34B /* FirebaseAppCheck in Frameworks */,
				CBA3D5D12878D8E70090D34B /* FirebaseCrashlytics in Frameworks */,
				CBA3D5D32878D8E70090D34B /* FirebaseDatabase in Frameworks */,
				CBA3D5EF2878D8E70090D34B /* FirebaseRemoteConfig in Frameworks */,
				CBA3D5DF2878D8E70090D34B /* FirebaseFunctions in Frameworks */,
				CBA3D5CF2878D8E70090D34B /* FirebaseAuthCombine-Community in Frameworks */,
				CBA3D5E52878D8E70090D34B /* FirebaseInAppMessagingSwift-Beta in Frameworks */,
				CBA3D5C92878D8E70090D34B /* FirebaseAnalyticsWithoutAdIdSupport in Frameworks */,
				CBA3D5FE287900120090D34B /* GoogleSignIn in Frameworks */,
			);
			runOnlyForDeploymentPostprocessing = 0;
		};
		CB79379C286A704000275951 /* Frameworks */ = {
			isa = PBXFrameworksBuildPhase;
			buildActionMask = 2147483647;
			files = (
			);
			runOnlyForDeploymentPostprocessing = 0;
		};
		CB7937A6286A704000275951 /* Frameworks */ = {
			isa = PBXFrameworksBuildPhase;
			buildActionMask = 2147483647;
			files = (
			);
			runOnlyForDeploymentPostprocessing = 0;
		};
/* End PBXFrameworksBuildPhase section */

/* Begin PBXGroup section */
		CB793781286A703B00275951 = {
			isa = PBXGroup;
			children = (
				CB79378C286A703B00275951 /* Foodiii */,
				CB7937A2286A704000275951 /* FoodiiiTests */,
				CB7937AC286A704100275951 /* FoodiiiUITests */,
				CB79378B286A703B00275951 /* Products */,
			);
			sourceTree = "<group>";
		};
		CB79378B286A703B00275951 /* Products */ = {
			isa = PBXGroup;
			children = (
				CB79378A286A703B00275951 /* Foodiii.app */,
				CB79379F286A704000275951 /* FoodiiiTests.xctest */,
				CB7937A9286A704000275951 /* FoodiiiUITests.xctest */,
			);
			name = Products;
			sourceTree = "<group>";
		};
		CB79378C286A703B00275951 /* Foodiii */ = {
			isa = PBXGroup;
			children = (
				CBA3D5FB2878FEEE0090D34B /* Info.plist */,
				CBA3D5F62878DDCD0090D34B /* Foodiii.entitlements */,
				CB79378D286A703B00275951 /* FoodiiiApp.swift */,
				CB79378F286A703B00275951 /* RestuarantSelectionView.swift */,
				CBD4195F286B9B8300E1C93A /* SignInView.swift */,
				CBA3D5F92878DFC00090D34B /* NavigationLogInView.swift */,
				CB793796286A704000275951 /* Persistence.swift */,
				CB8A864A2878D4B800C40A56 /* HomeView.swift */,
				CBD47ED52877AF1B007F5038 /* User.swift */,
				CB7BCCF6286B951300091678 /* Modifiers */,
				CB7BCCF9286B956500091678 /* Extensions */,
				CBD47ECE2877ADEE007F5038 /* Authentication */,
				CBD47ECB2877AB75007F5038 /* Utilities */,
				CB7937BC286A707A00275951 /* Modules */,
				CB7937C3286A71ED00275951 /* DataModule */,
				CB793793286A704000275951 /* Preview Content */,
				CB7937C4286A7E6700275951 /* UserSignInViewController.swift */,
				CB7BCCF1286B816300091678 /* Plist */,
				CB793791286A704000275951 /* Assets.xcassets */,
			);
			path = Foodiii;
			sourceTree = "<group>";
		};
		CB793793286A704000275951 /* Preview Content */ = {
			isa = PBXGroup;
			children = (
				CB793794286A704000275951 /* Preview Assets.xcassets */,
			);
			path = "Preview Content";
			sourceTree = "<group>";
		};
		CB7937A2286A704000275951 /* FoodiiiTests */ = {
			isa = PBXGroup;
			children = (
				CB7937A3286A704000275951 /* FoodiiiTests.swift */,
			);
			path = FoodiiiTests;
			sourceTree = "<group>";
		};
		CB7937AC286A704100275951 /* FoodiiiUITests */ = {
			isa = PBXGroup;
			children = (
				CB7937AD286A704100275951 /* FoodiiiUITests.swift */,
				CB7937AF286A704100275951 /* FoodiiiUITestsLaunchTests.swift */,
			);
			path = FoodiiiUITests;
			sourceTree = "<group>";
		};
		CB7937BC286A707A00275951 /* Modules */ = {
			isa = PBXGroup;
			children = (
				CB7937BD286A709D00275951 /* Endpoint.swift */,
				CB7937BF286A70E500275951 /* RestaurantEndpoint.swift */,
				CB7937C1286A71CC00275951 /* NetworkRequestService.swift */,
			);
			path = Modules;
			sourceTree = "<group>";
		};
		CB7937C3286A71ED00275951 /* DataModule */ = {
			isa = PBXGroup;
			children = (
				CB793798286A704000275951 /* Foodiii.xcdatamodeld */,
			);
			path = DataModule;
			sourceTree = "<group>";
		};
		CB7BCCF1286B816300091678 /* Plist */ = {
			isa = PBXGroup;
			children = (
				CB7BCCF4286B823C00091678 /* GoogleService-Info.plist */,
			);
			path = Plist;
			sourceTree = "<group>";
		};
		CB7BCCF6286B951300091678 /* Modifiers */ = {
			isa = PBXGroup;
			children = (
				CB7BCCF7286B953100091678 /* FontModifier.swift */,
				CBD4195B286B969400E1C93A /* HideNavigationBar.swift */,
				CBD41963286C275C00E1C93A /* KeybaordAdaptiveModifier.swift */,
			);
			path = Modifiers;
			sourceTree = "<group>";
		};
		CB7BCCF9286B956500091678 /* Extensions */ = {
			isa = PBXGroup;
			children = (
				CBD41961286C26F100E1C93A /* ViewExtension.swift */,
				CBD41959286B961800E1C93A /* DateExtension.swift */,
				CBD41957286B95E700E1C93A /* StringExtension.swift */,
				CBD47EC7286C2834007F5038 /* PublishersExtension.swift */,
				CBD47EC9286C28F4007F5038 /* UIResponderExtension.swift */,
			);
			path = Extensions;
			sourceTree = "<group>";
		};
		CBD47ECB2877AB75007F5038 /* Utilities */ = {
			isa = PBXGroup;
			children = (
				CBD47ECC2877AB86007F5038 /* Constants.swift */,
				CBD47ED12877AE8B007F5038 /* AlertItem.swift */,
			);
			path = Utilities;
			sourceTree = "<group>";
		};
		CBD47ECE2877ADEE007F5038 /* Authentication */ = {
			isa = PBXGroup;
			children = (
				CBD47ECF2877AE0E007F5038 /* AppleSignIn.swift */,
				CBA3D5F72878DE7A0090D34B /* UserAuth.swift */,
			);
			path = Authentication;
			sourceTree = "<group>";
		};
/* End PBXGroup section */

/* Begin PBXNativeTarget section */
		CB793789286A703B00275951 /* Foodiii */ = {
			isa = PBXNativeTarget;
			buildConfigurationList = CB7937B3286A704100275951 /* Build configuration list for PBXNativeTarget "Foodiii" */;
			buildPhases = (
				CB793786286A703B00275951 /* Sources */,
				CB793787286A703B00275951 /* Frameworks */,
				CB793788286A703B00275951 /* Resources */,
			);
			buildRules = (
			);
			dependencies = (
			);
			name = Foodiii;
			packageProductDependencies = (
				CBA3D5C22878D8E70090D34B /* FirebaseAnalytics */,
				CBA3D5C42878D8E70090D34B /* FirebaseAnalyticsOnDeviceConversion */,
				CBA3D5C62878D8E70090D34B /* FirebaseAnalyticsSwift */,
				CBA3D5C82878D8E70090D34B /* FirebaseAnalyticsWithoutAdIdSupport */,
				CBA3D5CA2878D8E70090D34B /* FirebaseAppCheck */,
				CBA3D5CC2878D8E70090D34B /* FirebaseAuth */,
				CBA3D5CE2878D8E70090D34B /* FirebaseAuthCombine-Community */,
				CBA3D5D02878D8E70090D34B /* FirebaseCrashlytics */,
				CBA3D5D22878D8E70090D34B /* FirebaseDatabase */,
				CBA3D5D42878D8E70090D34B /* FirebaseDatabaseSwift */,
				CBA3D5D62878D8E70090D34B /* FirebaseDynamicLinks */,
				CBA3D5D82878D8E70090D34B /* FirebaseFirestore */,
				CBA3D5DA2878D8E70090D34B /* FirebaseFirestoreCombine-Community */,
				CBA3D5DC2878D8E70090D34B /* FirebaseFirestoreSwift */,
				CBA3D5DE2878D8E70090D34B /* FirebaseFunctions */,
				CBA3D5E02878D8E70090D34B /* FirebaseFunctionsCombine-Community */,
				CBA3D5E22878D8E70090D34B /* FirebaseInAppMessaging-Beta */,
				CBA3D5E42878D8E70090D34B /* FirebaseInAppMessagingSwift-Beta */,
				CBA3D5E62878D8E70090D34B /* FirebaseInstallations */,
				CBA3D5E82878D8E70090D34B /* FirebaseMLModelDownloader */,
				CBA3D5EA2878D8E70090D34B /* FirebaseMessaging */,
				CBA3D5EC2878D8E70090D34B /* FirebasePerformance */,
				CBA3D5EE2878D8E70090D34B /* FirebaseRemoteConfig */,
				CBA3D5F02878D8E70090D34B /* FirebaseRemoteConfigSwift */,
				CBA3D5F22878D8E70090D34B /* FirebaseStorage */,
				CBA3D5F42878D8E70090D34B /* FirebaseStorageCombine-Community */,
				CBA3D5FD287900120090D34B /* GoogleSignIn */,
			);
			productName = Foodiii;
			productReference = CB79378A286A703B00275951 /* Foodiii.app */;
			productType = "com.apple.product-type.application";
		};
		CB79379E286A704000275951 /* FoodiiiTests */ = {
			isa = PBXNativeTarget;
			buildConfigurationList = CB7937B6286A704100275951 /* Build configuration list for PBXNativeTarget "FoodiiiTests" */;
			buildPhases = (
				CB79379B286A704000275951 /* Sources */,
				CB79379C286A704000275951 /* Frameworks */,
				CB79379D286A704000275951 /* Resources */,
			);
			buildRules = (
			);
			dependencies = (
				CB7937A1286A704000275951 /* PBXTargetDependency */,
			);
			name = FoodiiiTests;
			productName = FoodiiiTests;
			productReference = CB79379F286A704000275951 /* FoodiiiTests.xctest */;
			productType = "com.apple.product-type.bundle.unit-test";
		};
		CB7937A8286A704000275951 /* FoodiiiUITests */ = {
			isa = PBXNativeTarget;
			buildConfigurationList = CB7937B9286A704100275951 /* Build configuration list for PBXNativeTarget "FoodiiiUITests" */;
			buildPhases = (
				CB7937A5286A704000275951 /* Sources */,
				CB7937A6286A704000275951 /* Frameworks */,
				CB7937A7286A704000275951 /* Resources */,
			);
			buildRules = (
			);
			dependencies = (
				CB7937AB286A704000275951 /* PBXTargetDependency */,
			);
			name = FoodiiiUITests;
			productName = FoodiiiUITests;
			productReference = CB7937A9286A704000275951 /* FoodiiiUITests.xctest */;
			productType = "com.apple.product-type.bundle.ui-testing";
		};
/* End PBXNativeTarget section */

/* Begin PBXProject section */
		CB793782286A703B00275951 /* Project object */ = {
			isa = PBXProject;
			attributes = {
				BuildIndependentTargetsInParallel = 1;
				LastSwiftUpdateCheck = 1340;
				LastUpgradeCheck = 1340;
				TargetAttributes = {
					CB793789286A703B00275951 = {
						CreatedOnToolsVersion = 13.4.1;
					};
					CB79379E286A704000275951 = {
						CreatedOnToolsVersion = 13.4.1;
						TestTargetID = CB793789286A703B00275951;
					};
					CB7937A8286A704000275951 = {
						CreatedOnToolsVersion = 13.4.1;
						TestTargetID = CB793789286A703B00275951;
					};
				};
			};
			buildConfigurationList = CB793785286A703B00275951 /* Build configuration list for PBXProject "Foodiii" */;
			compatibilityVersion = "Xcode 13.0";
			developmentRegion = en;
			hasScannedForEncodings = 0;
			knownRegions = (
				en,
				Base,
			);
			mainGroup = CB793781286A703B00275951;
			packageReferences = (
				CBA3D5C12878D8E70090D34B /* XCRemoteSwiftPackageReference "firebase-ios-sdk" */,
				CBA3D5FC287900120090D34B /* XCRemoteSwiftPackageReference "GoogleSignIn-iOS" */,
			);
			productRefGroup = CB79378B286A703B00275951 /* Products */;
			projectDirPath = "";
			projectRoot = "";
			targets = (
				CB793789286A703B00275951 /* Foodiii */,
				CB79379E286A704000275951 /* FoodiiiTests */,
				CB7937A8286A704000275951 /* FoodiiiUITests */,
			);
		};
/* End PBXProject section */

/* Begin PBXResourcesBuildPhase section */
		CB793788286A703B00275951 /* Resources */ = {
			isa = PBXResourcesBuildPhase;
			buildActionMask = 2147483647;
			files = (
				CB793795286A704000275951 /* Preview Assets.xcassets in Resources */,
				CB793792286A704000275951 /* Assets.xcassets in Resources */,
				CB7BCCF5286B823C00091678 /* GoogleService-Info.plist in Resources */,
			);
			runOnlyForDeploymentPostprocessing = 0;
		};
		CB79379D286A704000275951 /* Resources */ = {
			isa = PBXResourcesBuildPhase;
			buildActionMask = 2147483647;
			files = (
			);
			runOnlyForDeploymentPostprocessing = 0;
		};
		CB7937A7286A704000275951 /* Resources */ = {
			isa = PBXResourcesBuildPhase;
			buildActionMask = 2147483647;
			files = (
			);
			runOnlyForDeploymentPostprocessing = 0;
		};
/* End PBXResourcesBuildPhase section */

/* Begin PBXSourcesBuildPhase section */
		CB793786286A703B00275951 /* Sources */ = {
			isa = PBXSourcesBuildPhase;
			buildActionMask = 2147483647;
			files = (
				CBD47ED02877AE0E007F5038 /* AppleSignIn.swift in Sources */,
				CBA3D5FA2878DFC00090D34B /* NavigationLogInView.swift in Sources */,
				CB793797286A704000275951 /* Persistence.swift in Sources */,
				CBD4195A286B961800E1C93A /* DateExtension.swift in Sources */,
				CB793790286A703B00275951 /* RestuarantSelectionView.swift in Sources */,
				CB7BCCF8286B953100091678 /* FontModifier.swift in Sources */,
				CBD4195C286B969400E1C93A /* HideNavigationBar.swift in Sources */,
				CB79378E286A703B00275951 /* FoodiiiApp.swift in Sources */,
				CB7937C2286A71CC00275951 /* NetworkRequestService.swift in Sources */,
				CBD41964286C275C00E1C93A /* KeybaordAdaptiveModifier.swift in Sources */,
				CBD47ED62877AF1B007F5038 /* User.swift in Sources */,
				CB7937C0286A70E500275951 /* RestaurantEndpoint.swift in Sources */,
				CBD41960286B9B8300E1C93A /* SignInView.swift in Sources */,
				CBD41962286C26F100E1C93A /* ViewExtension.swift in Sources */,
				CBD47EC8286C2834007F5038 /* PublishersExtension.swift in Sources */,
				CBD47ED22877AE8B007F5038 /* AlertItem.swift in Sources */,
				CB79379A286A704000275951 /* Foodiii.xcdatamodeld in Sources */,
				CB7937BE286A709D00275951 /* Endpoint.swift in Sources */,
				CBA3D5F82878DE7A0090D34B /* UserAuth.swift in Sources */,
				CBD41958286B95E700E1C93A /* StringExtension.swift in Sources */,
				CBD47ECA286C28F4007F5038 /* UIResponderExtension.swift in Sources */,
				CB7937C5286A7E6700275951 /* UserSignInViewController.swift in Sources */,
				CB8A864B2878D4B800C40A56 /* HomeView.swift in Sources */,
				CBD47ECD2877AB86007F5038 /* Constants.swift in Sources */,
			);
			runOnlyForDeploymentPostprocessing = 0;
		};
		CB79379B286A704000275951 /* Sources */ = {
			isa = PBXSourcesBuildPhase;
			buildActionMask = 2147483647;
			files = (
				CB7937A4286A704000275951 /* FoodiiiTests.swift in Sources */,
			);
			runOnlyForDeploymentPostprocessing = 0;
		};
		CB7937A5286A704000275951 /* Sources */ = {
			isa = PBXSourcesBuildPhase;
			buildActionMask = 2147483647;
			files = (
				CB7937B0286A704100275951 /* FoodiiiUITestsLaunchTests.swift in Sources */,
				CB7937AE286A704100275951 /* FoodiiiUITests.swift in Sources */,
			);
			runOnlyForDeploymentPostprocessing = 0;
		};
/* End PBXSourcesBuildPhase section */

/* Begin PBXTargetDependency section */
		CB7937A1286A704000275951 /* PBXTargetDependency */ = {
			isa = PBXTargetDependency;
			target = CB793789286A703B00275951 /* Foodiii */;
			targetProxy = CB7937A0286A704000275951 /* PBXContainerItemProxy */;
		};
		CB7937AB286A704000275951 /* PBXTargetDependency */ = {
			isa = PBXTargetDependency;
			target = CB793789286A703B00275951 /* Foodiii */;
			targetProxy = CB7937AA286A704000275951 /* PBXContainerItemProxy */;
		};
/* End PBXTargetDependency section */

/* Begin XCBuildConfiguration section */
		CB7937B1286A704100275951 /* Debug */ = {
			isa = XCBuildConfiguration;
			buildSettings = {
				ALWAYS_SEARCH_USER_PATHS = NO;
				CLANG_ANALYZER_NONNULL = YES;
				CLANG_ANALYZER_NUMBER_OBJECT_CONVERSION = YES_AGGRESSIVE;
				CLANG_CXX_LANGUAGE_STANDARD = "gnu++17";
				CLANG_ENABLE_MODULES = YES;
				CLANG_ENABLE_OBJC_ARC = YES;
				CLANG_ENABLE_OBJC_WEAK = YES;
				CLANG_WARN_BLOCK_CAPTURE_AUTORELEASING = YES;
				CLANG_WARN_BOOL_CONVERSION = YES;
				CLANG_WARN_COMMA = YES;
				CLANG_WARN_CONSTANT_CONVERSION = YES;
				CLANG_WARN_DEPRECATED_OBJC_IMPLEMENTATIONS = YES;
				CLANG_WARN_DIRECT_OBJC_ISA_USAGE = YES_ERROR;
				CLANG_WARN_DOCUMENTATION_COMMENTS = YES;
				CLANG_WARN_EMPTY_BODY = YES;
				CLANG_WARN_ENUM_CONVERSION = YES;
				CLANG_WARN_INFINITE_RECURSION = YES;
				CLANG_WARN_INT_CONVERSION = YES;
				CLANG_WARN_NON_LITERAL_NULL_CONVERSION = YES;
				CLANG_WARN_OBJC_IMPLICIT_RETAIN_SELF = YES;
				CLANG_WARN_OBJC_LITERAL_CONVERSION = YES;
				CLANG_WARN_OBJC_ROOT_CLASS = YES_ERROR;
				CLANG_WARN_QUOTED_INCLUDE_IN_FRAMEWORK_HEADER = YES;
				CLANG_WARN_RANGE_LOOP_ANALYSIS = YES;
				CLANG_WARN_STRICT_PROTOTYPES = YES;
				CLANG_WARN_SUSPICIOUS_MOVE = YES;
				CLANG_WARN_UNGUARDED_AVAILABILITY = YES_AGGRESSIVE;
				CLANG_WARN_UNREACHABLE_CODE = YES;
				CLANG_WARN__DUPLICATE_METHOD_MATCH = YES;
				COPY_PHASE_STRIP = NO;
				DEBUG_INFORMATION_FORMAT = dwarf;
				ENABLE_STRICT_OBJC_MSGSEND = YES;
				ENABLE_TESTABILITY = YES;
				GCC_C_LANGUAGE_STANDARD = gnu11;
				GCC_DYNAMIC_NO_PIC = NO;
				GCC_NO_COMMON_BLOCKS = YES;
				GCC_OPTIMIZATION_LEVEL = 0;
				GCC_PREPROCESSOR_DEFINITIONS = (
					"DEBUG=1",
					"$(inherited)",
				);
				GCC_WARN_64_TO_32_BIT_CONVERSION = YES;
				GCC_WARN_ABOUT_RETURN_TYPE = YES_ERROR;
				GCC_WARN_UNDECLARED_SELECTOR = YES;
				GCC_WARN_UNINITIALIZED_AUTOS = YES_AGGRESSIVE;
				GCC_WARN_UNUSED_FUNCTION = YES;
				GCC_WARN_UNUSED_VARIABLE = YES;
				IPHONEOS_DEPLOYMENT_TARGET = 15.5;
				MTL_ENABLE_DEBUG_INFO = INCLUDE_SOURCE;
				MTL_FAST_MATH = YES;
				ONLY_ACTIVE_ARCH = YES;
				SDKROOT = iphoneos;
				SWIFT_ACTIVE_COMPILATION_CONDITIONS = DEBUG;
				SWIFT_OPTIMIZATION_LEVEL = "-Onone";
			};
			name = Debug;
		};
		CB7937B2286A704100275951 /* Release */ = {
			isa = XCBuildConfiguration;
			buildSettings = {
				ALWAYS_SEARCH_USER_PATHS = NO;
				CLANG_ANALYZER_NONNULL = YES;
				CLANG_ANALYZER_NUMBER_OBJECT_CONVERSION = YES_AGGRESSIVE;
				CLANG_CXX_LANGUAGE_STANDARD = "gnu++17";
				CLANG_ENABLE_MODULES = YES;
				CLANG_ENABLE_OBJC_ARC = YES;
				CLANG_ENABLE_OBJC_WEAK = YES;
				CLANG_WARN_BLOCK_CAPTURE_AUTORELEASING = YES;
				CLANG_WARN_BOOL_CONVERSION = YES;
				CLANG_WARN_COMMA = YES;
				CLANG_WARN_CONSTANT_CONVERSION = YES;
				CLANG_WARN_DEPRECATED_OBJC_IMPLEMENTATIONS = YES;
				CLANG_WARN_DIRECT_OBJC_ISA_USAGE = YES_ERROR;
				CLANG_WARN_DOCUMENTATION_COMMENTS = YES;
				CLANG_WARN_EMPTY_BODY = YES;
				CLANG_WARN_ENUM_CONVERSION = YES;
				CLANG_WARN_INFINITE_RECURSION = YES;
				CLANG_WARN_INT_CONVERSION = YES;
				CLANG_WARN_NON_LITERAL_NULL_CONVERSION = YES;
				CLANG_WARN_OBJC_IMPLICIT_RETAIN_SELF = YES;
				CLANG_WARN_OBJC_LITERAL_CONVERSION = YES;
				CLANG_WARN_OBJC_ROOT_CLASS = YES_ERROR;
				CLANG_WARN_QUOTED_INCLUDE_IN_FRAMEWORK_HEADER = YES;
				CLANG_WARN_RANGE_LOOP_ANALYSIS = YES;
				CLANG_WARN_STRICT_PROTOTYPES = YES;
				CLANG_WARN_SUSPICIOUS_MOVE = YES;
				CLANG_WARN_UNGUARDED_AVAILABILITY = YES_AGGRESSIVE;
				CLANG_WARN_UNREACHABLE_CODE = YES;
				CLANG_WARN__DUPLICATE_METHOD_MATCH = YES;
				COPY_PHASE_STRIP = NO;
				DEBUG_INFORMATION_FORMAT = "dwarf-with-dsym";
				ENABLE_NS_ASSERTIONS = NO;
				ENABLE_STRICT_OBJC_MSGSEND = YES;
				GCC_C_LANGUAGE_STANDARD = gnu11;
				GCC_NO_COMMON_BLOCKS = YES;
				GCC_WARN_64_TO_32_BIT_CONVERSION = YES;
				GCC_WARN_ABOUT_RETURN_TYPE = YES_ERROR;
				GCC_WARN_UNDECLARED_SELECTOR = YES;
				GCC_WARN_UNINITIALIZED_AUTOS = YES_AGGRESSIVE;
				GCC_WARN_UNUSED_FUNCTION = YES;
				GCC_WARN_UNUSED_VARIABLE = YES;
				IPHONEOS_DEPLOYMENT_TARGET = 15.5;
				MTL_ENABLE_DEBUG_INFO = NO;
				MTL_FAST_MATH = YES;
				SDKROOT = iphoneos;
				SWIFT_COMPILATION_MODE = wholemodule;
				SWIFT_OPTIMIZATION_LEVEL = "-O";
				VALIDATE_PRODUCT = YES;
			};
			name = Release;
		};
		CB7937B4286A704100275951 /* Debug */ = {
			isa = XCBuildConfiguration;
			buildSettings = {
				ASSETCATALOG_COMPILER_APPICON_NAME = AppIcon;
				ASSETCATALOG_COMPILER_GLOBAL_ACCENT_COLOR_NAME = AccentColor;
				CODE_SIGN_ENTITLEMENTS = Foodiii/Foodiii.entitlements;
				CODE_SIGN_STYLE = Automatic;
				CURRENT_PROJECT_VERSION = 1;
				DEVELOPMENT_ASSET_PATHS = "\"Foodiii/Preview Content\"";
				DEVELOPMENT_TEAM = D6AZ3B5HRK;
				ENABLE_PREVIEWS = YES;
				GENERATE_INFOPLIST_FILE = YES;
				INFOPLIST_FILE = Foodiii/Info.plist;
				INFOPLIST_KEY_UIApplicationSceneManifest_Generation = YES;
				INFOPLIST_KEY_UIApplicationSupportsIndirectInputEvents = YES;
				INFOPLIST_KEY_UILaunchScreen_Generation = YES;
				INFOPLIST_KEY_UISupportedInterfaceOrientations_iPad = "UIInterfaceOrientationPortrait UIInterfaceOrientationPortraitUpsideDown UIInterfaceOrientationLandscapeLeft UIInterfaceOrientationLandscapeRight";
				INFOPLIST_KEY_UISupportedInterfaceOrientations_iPhone = "UIInterfaceOrientationPortrait UIInterfaceOrientationLandscapeLeft UIInterfaceOrientationLandscapeRight";
				LD_RUNPATH_SEARCH_PATHS = (
					"$(inherited)",
					"@executable_path/Frameworks",
				);
				MARKETING_VERSION = 1.0;
				PRODUCT_BUNDLE_IDENTIFIER = com.TylerDonohue.Foodiii;
				PRODUCT_NAME = "$(TARGET_NAME)";
				SWIFT_EMIT_LOC_STRINGS = YES;
				SWIFT_VERSION = 5.0;
				TARGETED_DEVICE_FAMILY = "1,2";
			};
			name = Debug;
		};
		CB7937B5286A704100275951 /* Release */ = {
			isa = XCBuildConfiguration;
			buildSettings = {
				ASSETCATALOG_COMPILER_APPICON_NAME = AppIcon;
				ASSETCATALOG_COMPILER_GLOBAL_ACCENT_COLOR_NAME = AccentColor;
				CODE_SIGN_ENTITLEMENTS = Foodiii/Foodiii.entitlements;
				CODE_SIGN_STYLE = Automatic;
				CURRENT_PROJECT_VERSION = 1;
				DEVELOPMENT_ASSET_PATHS = "\"Foodiii/Preview Content\"";
				DEVELOPMENT_TEAM = D6AZ3B5HRK;
				ENABLE_PREVIEWS = YES;
				GENERATE_INFOPLIST_FILE = YES;
				INFOPLIST_FILE = Foodiii/Info.plist;
				INFOPLIST_KEY_UIApplicationSceneManifest_Generation = YES;
				INFOPLIST_KEY_UIApplicationSupportsIndirectInputEvents = YES;
				INFOPLIST_KEY_UILaunchScreen_Generation = YES;
				INFOPLIST_KEY_UISupportedInterfaceOrientations_iPad = "UIInterfaceOrientationPortrait UIInterfaceOrientationPortraitUpsideDown UIInterfaceOrientationLandscapeLeft UIInterfaceOrientationLandscapeRight";
				INFOPLIST_KEY_UISupportedInterfaceOrientations_iPhone = "UIInterfaceOrientationPortrait UIInterfaceOrientationLandscapeLeft UIInterfaceOrientationLandscapeRight";
				LD_RUNPATH_SEARCH_PATHS = (
					"$(inherited)",
					"@executable_path/Frameworks",
				);
				MARKETING_VERSION = 1.0;
				PRODUCT_BUNDLE_IDENTIFIER = com.TylerDonohue.Foodiii;
				PRODUCT_NAME = "$(TARGET_NAME)";
				SWIFT_EMIT_LOC_STRINGS = YES;
				SWIFT_VERSION = 5.0;
				TARGETED_DEVICE_FAMILY = "1,2";
			};
			name = Release;
		};
		CB7937B7286A704100275951 /* Debug */ = {
			isa = XCBuildConfiguration;
			buildSettings = {
				ALWAYS_EMBED_SWIFT_STANDARD_LIBRARIES = YES;
				BUNDLE_LOADER = "$(TEST_HOST)";
				CODE_SIGN_STYLE = Automatic;
				CURRENT_PROJECT_VERSION = 1;
				DEVELOPMENT_TEAM = D6AZ3B5HRK;
				GENERATE_INFOPLIST_FILE = YES;
				IPHONEOS_DEPLOYMENT_TARGET = 15.5;
				MARKETING_VERSION = 1.0;
				PRODUCT_BUNDLE_IDENTIFIER = com.TylerDonohue.FoodiiiTests;
				PRODUCT_NAME = "$(TARGET_NAME)";
				SWIFT_EMIT_LOC_STRINGS = NO;
				SWIFT_VERSION = 5.0;
				TARGETED_DEVICE_FAMILY = "1,2";
				TEST_HOST = "$(BUILT_PRODUCTS_DIR)/Foodiii.app/Foodiii";
			};
			name = Debug;
		};
		CB7937B8286A704100275951 /* Release */ = {
			isa = XCBuildConfiguration;
			buildSettings = {
				ALWAYS_EMBED_SWIFT_STANDARD_LIBRARIES = YES;
				BUNDLE_LOADER = "$(TEST_HOST)";
				CODE_SIGN_STYLE = Automatic;
				CURRENT_PROJECT_VERSION = 1;
				DEVELOPMENT_TEAM = D6AZ3B5HRK;
				GENERATE_INFOPLIST_FILE = YES;
				IPHONEOS_DEPLOYMENT_TARGET = 15.5;
				MARKETING_VERSION = 1.0;
				PRODUCT_BUNDLE_IDENTIFIER = com.TylerDonohue.FoodiiiTests;
				PRODUCT_NAME = "$(TARGET_NAME)";
				SWIFT_EMIT_LOC_STRINGS = NO;
				SWIFT_VERSION = 5.0;
				TARGETED_DEVICE_FAMILY = "1,2";
				TEST_HOST = "$(BUILT_PRODUCTS_DIR)/Foodiii.app/Foodiii";
			};
			name = Release;
		};
		CB7937BA286A704100275951 /* Debug */ = {
			isa = XCBuildConfiguration;
			buildSettings = {
				ALWAYS_EMBED_SWIFT_STANDARD_LIBRARIES = YES;
				CODE_SIGN_STYLE = Automatic;
				CURRENT_PROJECT_VERSION = 1;
				DEVELOPMENT_TEAM = D6AZ3B5HRK;
				GENERATE_INFOPLIST_FILE = YES;
				MARKETING_VERSION = 1.0;
				PRODUCT_BUNDLE_IDENTIFIER = com.TylerDonohue.FoodiiiUITests;
				PRODUCT_NAME = "$(TARGET_NAME)";
				SWIFT_EMIT_LOC_STRINGS = NO;
				SWIFT_VERSION = 5.0;
				TARGETED_DEVICE_FAMILY = "1,2";
				TEST_TARGET_NAME = Foodiii;
			};
			name = Debug;
		};
		CB7937BB286A704100275951 /* Release */ = {
			isa = XCBuildConfiguration;
			buildSettings = {
				ALWAYS_EMBED_SWIFT_STANDARD_LIBRARIES = YES;
				CODE_SIGN_STYLE = Automatic;
				CURRENT_PROJECT_VERSION = 1;
				DEVELOPMENT_TEAM = D6AZ3B5HRK;
				GENERATE_INFOPLIST_FILE = YES;
				MARKETING_VERSION = 1.0;
				PRODUCT_BUNDLE_IDENTIFIER = com.TylerDonohue.FoodiiiUITests;
				PRODUCT_NAME = "$(TARGET_NAME)";
				SWIFT_EMIT_LOC_STRINGS = NO;
				SWIFT_VERSION = 5.0;
				TARGETED_DEVICE_FAMILY = "1,2";
				TEST_TARGET_NAME = Foodiii;
			};
			name = Release;
		};
/* End XCBuildConfiguration section */

/* Begin XCConfigurationList section */
		CB793785286A703B00275951 /* Build configuration list for PBXProject "Foodiii" */ = {
			isa = XCConfigurationList;
			buildConfigurations = (
				CB7937B1286A704100275951 /* Debug */,
				CB7937B2286A704100275951 /* Release */,
			);
			defaultConfigurationIsVisible = 0;
			defaultConfigurationName = Release;
		};
		CB7937B3286A704100275951 /* Build configuration list for PBXNativeTarget "Foodiii" */ = {
			isa = XCConfigurationList;
			buildConfigurations = (
				CB7937B4286A704100275951 /* Debug */,
				CB7937B5286A704100275951 /* Release */,
			);
			defaultConfigurationIsVisible = 0;
			defaultConfigurationName = Release;
		};
		CB7937B6286A704100275951 /* Build configuration list for PBXNativeTarget "FoodiiiTests" */ = {
			isa = XCConfigurationList;
			buildConfigurations = (
				CB7937B7286A704100275951 /* Debug */,
				CB7937B8286A704100275951 /* Release */,
			);
			defaultConfigurationIsVisible = 0;
			defaultConfigurationName = Release;
		};
		CB7937B9286A704100275951 /* Build configuration list for PBXNativeTarget "FoodiiiUITests" */ = {
			isa = XCConfigurationList;
			buildConfigurations = (
				CB7937BA286A704100275951 /* Debug */,
				CB7937BB286A704100275951 /* Release */,
			);
			defaultConfigurationIsVisible = 0;
			defaultConfigurationName = Release;
		};
/* End XCConfigurationList section */

/* Begin XCRemoteSwiftPackageReference section */
		CBA3D5C12878D8E70090D34B /* XCRemoteSwiftPackageReference "firebase-ios-sdk" */ = {
			isa = XCRemoteSwiftPackageReference;
			repositoryURL = "https://github.com/firebase/firebase-ios-sdk.git";
			requirement = {
				kind = upToNextMajorVersion;
				minimumVersion = 9.0.0;
			};
		};
		CBA3D5FC287900120090D34B /* XCRemoteSwiftPackageReference "GoogleSignIn-iOS" */ = {
			isa = XCRemoteSwiftPackageReference;
			repositoryURL = "https://github.com/google/GoogleSignIn-iOS.git";
			requirement = {
				kind = upToNextMajorVersion;
				minimumVersion = 6.0.0;
			};
		};
/* End XCRemoteSwiftPackageReference section */

/* Begin XCSwiftPackageProductDependency section */
		CBA3D5C22878D8E70090D34B /* FirebaseAnalytics */ = {
			isa = XCSwiftPackageProductDependency;
			package = CBA3D5C12878D8E70090D34B /* XCRemoteSwiftPackageReference "firebase-ios-sdk" */;
			productName = FirebaseAnalytics;
		};
		CBA3D5C42878D8E70090D34B /* FirebaseAnalyticsOnDeviceConversion */ = {
			isa = XCSwiftPackageProductDependency;
			package = CBA3D5C12878D8E70090D34B /* XCRemoteSwiftPackageReference "firebase-ios-sdk" */;
			productName = FirebaseAnalyticsOnDeviceConversion;
		};
		CBA3D5C62878D8E70090D34B /* FirebaseAnalyticsSwift */ = {
			isa = XCSwiftPackageProductDependency;
			package = CBA3D5C12878D8E70090D34B /* XCRemoteSwiftPackageReference "firebase-ios-sdk" */;
			productName = FirebaseAnalyticsSwift;
		};
		CBA3D5C82878D8E70090D34B /* FirebaseAnalyticsWithoutAdIdSupport */ = {
			isa = XCSwiftPackageProductDependency;
			package = CBA3D5C12878D8E70090D34B /* XCRemoteSwiftPackageReference "firebase-ios-sdk" */;
			productName = FirebaseAnalyticsWithoutAdIdSupport;
		};
		CBA3D5CA2878D8E70090D34B /* FirebaseAppCheck */ = {
			isa = XCSwiftPackageProductDependency;
			package = CBA3D5C12878D8E70090D34B /* XCRemoteSwiftPackageReference "firebase-ios-sdk" */;
			productName = FirebaseAppCheck;
		};
		CBA3D5CC2878D8E70090D34B /* FirebaseAuth */ = {
			isa = XCSwiftPackageProductDependency;
			package = CBA3D5C12878D8E70090D34B /* XCRemoteSwiftPackageReference "firebase-ios-sdk" */;
			productName = FirebaseAuth;
		};
		CBA3D5CE2878D8E70090D34B /* FirebaseAuthCombine-Community */ = {
			isa = XCSwiftPackageProductDependency;
			package = CBA3D5C12878D8E70090D34B /* XCRemoteSwiftPackageReference "firebase-ios-sdk" */;
			productName = "FirebaseAuthCombine-Community";
		};
		CBA3D5D02878D8E70090D34B /* FirebaseCrashlytics */ = {
			isa = XCSwiftPackageProductDependency;
			package = CBA3D5C12878D8E70090D34B /* XCRemoteSwiftPackageReference "firebase-ios-sdk" */;
			productName = FirebaseCrashlytics;
		};
		CBA3D5D22878D8E70090D34B /* FirebaseDatabase */ = {
			isa = XCSwiftPackageProductDependency;
			package = CBA3D5C12878D8E70090D34B /* XCRemoteSwiftPackageReference "firebase-ios-sdk" */;
			productName = FirebaseDatabase;
		};
		CBA3D5D42878D8E70090D34B /* FirebaseDatabaseSwift */ = {
			isa = XCSwiftPackageProductDependency;
			package = CBA3D5C12878D8E70090D34B /* XCRemoteSwiftPackageReference "firebase-ios-sdk" */;
			productName = FirebaseDatabaseSwift;
		};
		CBA3D5D62878D8E70090D34B /* FirebaseDynamicLinks */ = {
			isa = XCSwiftPackageProductDependency;
			package = CBA3D5C12878D8E70090D34B /* XCRemoteSwiftPackageReference "firebase-ios-sdk" */;
			productName = FirebaseDynamicLinks;
		};
		CBA3D5D82878D8E70090D34B /* FirebaseFirestore */ = {
			isa = XCSwiftPackageProductDependency;
			package = CBA3D5C12878D8E70090D34B /* XCRemoteSwiftPackageReference "firebase-ios-sdk" */;
			productName = FirebaseFirestore;
		};
		CBA3D5DA2878D8E70090D34B /* FirebaseFirestoreCombine-Community */ = {
			isa = XCSwiftPackageProductDependency;
			package = CBA3D5C12878D8E70090D34B /* XCRemoteSwiftPackageReference "firebase-ios-sdk" */;
			productName = "FirebaseFirestoreCombine-Community";
		};
		CBA3D5DC2878D8E70090D34B /* FirebaseFirestoreSwift */ = {
			isa = XCSwiftPackageProductDependency;
			package = CBA3D5C12878D8E70090D34B /* XCRemoteSwiftPackageReference "firebase-ios-sdk" */;
			productName = FirebaseFirestoreSwift;
		};
		CBA3D5DE2878D8E70090D34B /* FirebaseFunctions */ = {
			isa = XCSwiftPackageProductDependency;
			package = CBA3D5C12878D8E70090D34B /* XCRemoteSwiftPackageReference "firebase-ios-sdk" */;
			productName = FirebaseFunctions;
		};
		CBA3D5E02878D8E70090D34B /* FirebaseFunctionsCombine-Community */ = {
			isa = XCSwiftPackageProductDependency;
			package = CBA3D5C12878D8E70090D34B /* XCRemoteSwiftPackageReference "firebase-ios-sdk" */;
			productName = "FirebaseFunctionsCombine-Community";
		};
		CBA3D5E22878D8E70090D34B /* FirebaseInAppMessaging-Beta */ = {
			isa = XCSwiftPackageProductDependency;
			package = CBA3D5C12878D8E70090D34B /* XCRemoteSwiftPackageReference "firebase-ios-sdk" */;
			productName = "FirebaseInAppMessaging-Beta";
		};
		CBA3D5E42878D8E70090D34B /* FirebaseInAppMessagingSwift-Beta */ = {
			isa = XCSwiftPackageProductDependency;
			package = CBA3D5C12878D8E70090D34B /* XCRemoteSwiftPackageReference "firebase-ios-sdk" */;
			productName = "FirebaseInAppMessagingSwift-Beta";
		};
		CBA3D5E62878D8E70090D34B /* FirebaseInstallations */ = {
			isa = XCSwiftPackageProductDependency;
			package = CBA3D5C12878D8E70090D34B /* XCRemoteSwiftPackageReference "firebase-ios-sdk" */;
			productName = FirebaseInstallations;
		};
		CBA3D5E82878D8E70090D34B /* FirebaseMLModelDownloader */ = {
			isa = XCSwiftPackageProductDependency;
			package = CBA3D5C12878D8E70090D34B /* XCRemoteSwiftPackageReference "firebase-ios-sdk" */;
			productName = FirebaseMLModelDownloader;
		};
		CBA3D5EA2878D8E70090D34B /* FirebaseMessaging */ = {
			isa = XCSwiftPackageProductDependency;
			package = CBA3D5C12878D8E70090D34B /* XCRemoteSwiftPackageReference "firebase-ios-sdk" */;
			productName = FirebaseMessaging;
		};
		CBA3D5EC2878D8E70090D34B /* FirebasePerformance */ = {
			isa = XCSwiftPackageProductDependency;
			package = CBA3D5C12878D8E70090D34B /* XCRemoteSwiftPackageReference "firebase-ios-sdk" */;
			productName = FirebasePerformance;
		};
		CBA3D5EE2878D8E70090D34B /* FirebaseRemoteConfig */ = {
			isa = XCSwiftPackageProductDependency;
			package = CBA3D5C12878D8E70090D34B /* XCRemoteSwiftPackageReference "firebase-ios-sdk" */;
			productName = FirebaseRemoteConfig;
		};
		CBA3D5F02878D8E70090D34B /* FirebaseRemoteConfigSwift */ = {
			isa = XCSwiftPackageProductDependency;
			package = CBA3D5C12878D8E70090D34B /* XCRemoteSwiftPackageReference "firebase-ios-sdk" */;
			productName = FirebaseRemoteConfigSwift;
		};
		CBA3D5F22878D8E70090D34B /* FirebaseStorage */ = {
			isa = XCSwiftPackageProductDependency;
			package = CBA3D5C12878D8E70090D34B /* XCRemoteSwiftPackageReference "firebase-ios-sdk" */;
			productName = FirebaseStorage;
		};
		CBA3D5F42878D8E70090D34B /* FirebaseStorageCombine-Community */ = {
			isa = XCSwiftPackageProductDependency;
			package = CBA3D5C12878D8E70090D34B /* XCRemoteSwiftPackageReference "firebase-ios-sdk" */;
			productName = "FirebaseStorageCombine-Community";
		};
		CBA3D5FD287900120090D34B /* GoogleSignIn */ = {
			isa = XCSwiftPackageProductDependency;
			package = CBA3D5FC287900120090D34B /* XCRemoteSwiftPackageReference "GoogleSignIn-iOS" */;
			productName = GoogleSignIn;
		};
/* End XCSwiftPackageProductDependency section */

/* Begin XCVersionGroup section */
		CB793798286A704000275951 /* Foodiii.xcdatamodeld */ = {
			isa = XCVersionGroup;
			children = (
				CB793799286A704000275951 /* Foodiii.xcdatamodel */,
			);
			currentVersion = CB793799286A704000275951 /* Foodiii.xcdatamodel */;
			path = Foodiii.xcdatamodeld;
			sourceTree = "<group>";
			versionGroupType = wrapper.xcdatamodel;
		};
/* End XCVersionGroup section */
	};
	rootObject = CB793782286A703B00275951 /* Project object */;
}
